
Microsoft Visual Studio Solution File, Format Version 12.00
Project("{FAE04EC0-301F-11D3-BF4B-00C04F79EFBC}") = "ShellToolkit", "ShellToolkit\ShellToolkit.csproj", "{3BBB75B4-6060-4BE0-9FE1-B45BDB8B32EE}"
EndProject
Project("{FAE04EC0-301F-11D3-BF4B-00C04F79EFBC}") = "ShellToolkit.UnitTests", "ShellToolkit.UnitTests\ShellToolkit.UnitTests.csproj", "{BF86BF32-C0EA-4DF9-967D-144F87359AD3}"
EndProject
Project("{2150E333-8FDC-42A3-9474-1A3956D46DE8}") = "Solution Files", "Solution Files", "{3742705E-2943-4EEA-9CA1-CC172638452B}"
	ProjectSection(SolutionItems) = preProject
		..\..\.editorconfig = ..\..\.editorconfig
		..\..\.gitignore = ..\..\.gitignore
		..\..\LICENSE = ..\..\LICENSE
		..\..\README.md = ..\..\README.md
	EndProjectSection
EndProject
Global
	GlobalSection(SolutionConfigurationPlatforms) = preSolution
		Debug|Any CPU = Debug|Any CPU
		Release|Any CPU = Release|Any CPU
	EndGlobalSection
	GlobalSection(ProjectConfigurationPlatforms) = postSolution
		{3BBB75B4-6060-4BE0-9FE1-B45BDB8B32EE}.Debug|Any CPU.ActiveCfg = Debug|Any CPU
		{3BBB75B4-6060-4BE0-9FE1-B45BDB8B32EE}.Debug|Any CPU.Build.0 = Debug|Any CPU
		{3BBB75B4-6060-4BE0-9FE1-B45BDB8B32EE}.Release|Any CPU.ActiveCfg = Release|Any CPU
		{3BBB75B4-6060-4BE0-9FE1-B45BDB8B32EE}.Release|Any CPU.Build.0 = Release|Any CPU
		{BF86BF32-C0EA-4DF9-967D-144F87359AD3}.Debug|Any CPU.ActiveCfg = Debug|Any CPU
		{BF86BF32-C0EA-4DF9-967D-144F87359AD3}.Debug|Any CPU.Build.0 = Debug|Any CPU
		{BF86BF32-C0EA-4DF9-967D-144F87359AD3}.Release|Any CPU.ActiveCfg = Release|Any CPU
		{BF86BF32-C0EA-4DF9-967D-144F87359AD3}.Release|Any CPU.Build.0 = Release|Any CPU
	EndGlobalSection
EndGlobal
